
Microsoft Visual Studio Solution File, Format Version 12.00
# Visual Studio Version 17
VisualStudioVersion = 17.4.33213.308
MinimumVisualStudioVersion = 10.0.40219.1
Project("{9A19103F-16F7-4668-BE54-9A1E7A4F7556}") = "PrototypeWebApplication", "PrototypeWebApplication\PrototypeWebApplication.csproj", "{D7AB01A0-6676-4861-A9EA-343B2E4A7E86}"
EndProject
Project("{9A19103F-16F7-4668-BE54-9A1E7A4F7556}") = "PrototypeTestProject", "PrototypeTestProject\PrototypeTestProject.csproj", "{5A79749C-3A74-41DA-8BF6-34AA4F945B01}"
EndProject
Project("{00D1A9C2-B5F0-4AF3-8072-F6C62B433612}") = "PrototypeWebAppDatabase", "PrototypeWebAppDatabase\PrototypeWebAppDatabase.sqlproj", "{BCA9F3CD-5790-41F9-BD5C-E5471B58F451}"
EndProject
Global
	GlobalSection(SolutionConfigurationPlatforms) = preSolution
		Debug|Any CPU = Debug|Any CPU
		Release|Any CPU = Release|Any CPU
	EndGlobalSection
	GlobalSection(ProjectConfigurationPlatforms) = postSolution
		{D7AB01A0-6676-4861-A9EA-343B2E4A7E86}.Debug|Any CPU.ActiveCfg = Debug|Any CPU
		{D7AB01A0-6676-4861-A9EA-343B2E4A7E86}.Debug|Any CPU.Build.0 = Debug|Any CPU
		{D7AB01A0-6676-4861-A9EA-343B2E4A7E86}.Release|Any CPU.ActiveCfg = Release|Any CPU
		{D7AB01A0-6676-4861-A9EA-343B2E4A7E86}.Release|Any CPU.Build.0 = Release|Any CPU
		{5A79749C-3A74-41DA-8BF6-34AA4F945B01}.Debug|Any CPU.ActiveCfg = Debug|Any CPU
		{5A79749C-3A74-41DA-8BF6-34AA4F945B01}.Debug|Any CPU.Build.0 = Debug|Any CPU
		{5A79749C-3A74-41DA-8BF6-34AA4F945B01}.Release|Any CPU.ActiveCfg = Release|Any CPU
		{5A79749C-3A74-41DA-8BF6-34AA4F945B01}.Release|Any CPU.Build.0 = Release|Any CPU
		{BCA9F3CD-5790-41F9-BD5C-E5471B58F451}.Debug|Any CPU.ActiveCfg = Debug|Any CPU
		{BCA9F3CD-5790-41F9-BD5C-E5471B58F451}.Debug|Any CPU.Build.0 = Debug|Any CPU
		{BCA9F3CD-5790-41F9-BD5C-E5471B58F451}.Debug|Any CPU.Deploy.0 = Debug|Any CPU
		{BCA9F3CD-5790-41F9-BD5C-E5471B58F451}.Release|Any CPU.ActiveCfg = Release|Any CPU
		{BCA9F3CD-5790-41F9-BD5C-E5471B58F451}.Release|Any CPU.Build.0 = Release|Any CPU
		{BCA9F3CD-5790-41F9-BD5C-E5471B58F451}.Release|Any CPU.Deploy.0 = Release|Any CPU
	EndGlobalSection
	GlobalSection(SolutionProperties) = preSolution
		HideSolutionNode = FALSE
	EndGlobalSection
	GlobalSection(ExtensibilityGlobals) = postSolution
		SolutionGuid = {0F0582B2-6851-48A2-9179-F0578CC01805}
	EndGlobalSection
EndGlobal
