
Microsoft Visual Studio Solution File, Format Version 12.00
# Visual Studio Version 17
VisualStudioVersion = 17.3.32901.215
MinimumVisualStudioVersion = 10.0.40219.1
Project("{FAE04EC0-301F-11D3-BF4B-00C04F79EFBC}") = "RecipePlannerDesktopApplication", "RecipePlannerDesktopApplication\RecipePlannerDesktopApplication.csproj", "{3E910D42-8DBB-4D2C-AB45-F0A4F8446F4B}"
EndProject
<<<<<<< HEAD
Project("{00D1A9C2-B5F0-4AF3-8072-F6C62B433612}") = "RecipePlannerDraftDatabase", "RecipePlannerDraftDatabase\RecipePlannerDraftDatabase.sqlproj", "{F6C8E8CD-D278-4F08-88AE-57E087D33A14}"
=======
Project("{FAE04EC0-301F-11D3-BF4B-00C04F79EFBC}") = "DesktopTesting", "DesktopTesting\DesktopTesting.csproj", "{6B81D79C-7C28-4CCA-8E68-3640BB29C1D1}"
>>>>>>> 4d70b0896970ea5159ff70a9d0f416fbdaf55397
EndProject
Global
	GlobalSection(SolutionConfigurationPlatforms) = preSolution
		Debug|Any CPU = Debug|Any CPU
		Release|Any CPU = Release|Any CPU
	EndGlobalSection
	GlobalSection(ProjectConfigurationPlatforms) = postSolution
		{3E910D42-8DBB-4D2C-AB45-F0A4F8446F4B}.Debug|Any CPU.ActiveCfg = Debug|Any CPU
		{3E910D42-8DBB-4D2C-AB45-F0A4F8446F4B}.Debug|Any CPU.Build.0 = Debug|Any CPU
		{3E910D42-8DBB-4D2C-AB45-F0A4F8446F4B}.Release|Any CPU.ActiveCfg = Release|Any CPU
		{3E910D42-8DBB-4D2C-AB45-F0A4F8446F4B}.Release|Any CPU.Build.0 = Release|Any CPU
<<<<<<< HEAD
		{F6C8E8CD-D278-4F08-88AE-57E087D33A14}.Debug|Any CPU.ActiveCfg = Debug|Any CPU
		{F6C8E8CD-D278-4F08-88AE-57E087D33A14}.Debug|Any CPU.Build.0 = Debug|Any CPU
		{F6C8E8CD-D278-4F08-88AE-57E087D33A14}.Debug|Any CPU.Deploy.0 = Debug|Any CPU
		{F6C8E8CD-D278-4F08-88AE-57E087D33A14}.Release|Any CPU.ActiveCfg = Release|Any CPU
		{F6C8E8CD-D278-4F08-88AE-57E087D33A14}.Release|Any CPU.Build.0 = Release|Any CPU
		{F6C8E8CD-D278-4F08-88AE-57E087D33A14}.Release|Any CPU.Deploy.0 = Release|Any CPU
=======
		{6B81D79C-7C28-4CCA-8E68-3640BB29C1D1}.Debug|Any CPU.ActiveCfg = Debug|Any CPU
		{6B81D79C-7C28-4CCA-8E68-3640BB29C1D1}.Debug|Any CPU.Build.0 = Debug|Any CPU
		{6B81D79C-7C28-4CCA-8E68-3640BB29C1D1}.Release|Any CPU.ActiveCfg = Release|Any CPU
		{6B81D79C-7C28-4CCA-8E68-3640BB29C1D1}.Release|Any CPU.Build.0 = Release|Any CPU
>>>>>>> 4d70b0896970ea5159ff70a9d0f416fbdaf55397
	EndGlobalSection
	GlobalSection(SolutionProperties) = preSolution
		HideSolutionNode = FALSE
	EndGlobalSection
	GlobalSection(ExtensibilityGlobals) = postSolution
		SolutionGuid = {982E70E9-E785-4AE9-B6C2-0EB42ED2DC9F}
	EndGlobalSection
EndGlobal
